PODS:
  - Flutter (1.0.0)
  - flutter_local_notifications (0.0.1):
    - Flutter
  - flutter_native_splash (2.4.3):
    - Flutter
  - geolocator_apple (1.2.0):
    - Flutter
    - FlutterMacOS
  - Google-Maps-iOS-Utils (5.0.0):
    - GoogleMaps (~> 8.0)
  - google_maps_flutter_ios (0.0.1):
    - Flutter
    - Google-Maps-iOS-Utils (< 7.0, >= 5.0)
    - GoogleMaps (< 10.0, >= 8.4)
  - GoogleMaps (8.4.0):
    - GoogleMaps/Maps (= 8.4.0)
  - GoogleMaps/Base (8.4.0)
  - GoogleMaps/Maps (8.4.0):
    - GoogleMaps/Base
  - path_provider_foundation (0.0.1):
    - Flutter
    - FlutterMacOS
  - shared_preferences_foundation (0.0.1):
    - Flutter
    - FlutterMacOS
  - sqlite3 (3.51.1):
    - sqlite3/common (= 3.51.1)
  - sqlite3/common (3.51.1)
  - sqlite3/dbstatvtab (3.51.1):
    - sqlite3/common
  - sqlite3/fts5 (3.51.1):
    - sqlite3/common
  - sqlite3/math (3.51.1):
    - sqlite3/common
  - sqlite3/perf-threadsafe (3.51.1):
    - sqlite3/common
  - sqlite3/rtree (3.51.1):
    - sqlite3/common
  - sqlite3/session (3.51.1):
    - sqlite3/common
  - sqlite3_flutter_libs (0.0.1):
    - Flutter
    - FlutterMacOS
    - sqlite3 (~> 3.51.1)
    - sqlite3/dbstatvtab
    - sqlite3/fts5
    - sqlite3/math
    - sqlite3/perf-threadsafe
    - sqlite3/rtree
    - sqlite3/session

DEPENDENCIES:
  - Flutter (from `Flutter`)
  - flutter_local_notifications (from `.symlinks/plugins/flutter_local_notifications/ios`)
  - flutter_native_splash (from `.symlinks/plugins/flutter_native_splash/ios`)
  - geolocator_apple (from `.symlinks/plugins/geolocator_apple/darwin`)
  - google_maps_flutter_ios (from `.symlinks/plugins/google_maps_flutter_ios/ios`)
  - path_provider_foundation (from `.symlinks/plugins/path_provider_foundation/darwin`)
  - shared_preferences_foundation (from `.symlinks/plugins/shared_preferences_foundation/darwin`)
  - sqlite3_flutter_libs (from `.symlinks/plugins/sqlite3_flutter_libs/darwin`)

SPEC REPOS:
  trunk:
    - Google-Maps-iOS-Utils
    - GoogleMaps
    - sqlite3

EXTERNAL SOURCES:
  Flutter:
    :path: Flutter
  flutter_local_notifications:
    :path: ".symlinks/plugins/flutter_local_notifications/ios"
  flutter_native_splash:
    :path: ".symlinks/plugins/flutter_native_splash/ios"
  geolocator_apple:
    :path: ".symlinks/plugins/geolocator_apple/darwin"
  google_maps_flutter_ios:
    :path: ".symlinks/plugins/google_maps_flutter_ios/ios"
  path_provider_foundation:
    :path: ".symlinks/plugins/path_provider_foundation/darwin"
  shared_preferences_foundation:
    :path: ".symlinks/plugins/shared_preferences_foundation/darwin"
  sqlite3_flutter_libs:
    :path: ".symlinks/plugins/sqlite3_flutter_libs/darwin"

SPEC CHECKSUMS:
  Flutter: cabc95a1d2626b1b06e7179b784ebcf0c0cde467
  flutter_local_notifications: a5a732f069baa862e728d839dd2ebb904737effb
  flutter_native_splash: c32d145d68aeda5502d5f543ee38c192065986cf
  geolocator_apple: ab36aa0e8b7d7a2d7639b3b4e48308394e8cef5e
  Google-Maps-iOS-Utils: 66d6de12be1ce6d3742a54661e7a79cb317a9321
  google_maps_flutter_ios: 0291eb2aa252298a769b04d075e4a9d747ff7264
  GoogleMaps: 8939898920281c649150e0af74aa291c60f2e77d
  path_provider_foundation: bb55f6dbba17d0dccd6737fe6f7f34fbd0376880
  shared_preferences_foundation: 7036424c3d8ec98dfe75ff1667cb0cd531ec82bb
  sqlite3: 8d708bc63e9f4ce48f0ad9d6269e478c5ced1d9b
  sqlite3_flutter_libs: d13b8b3003f18f596e542bcb9482d105577eff41

PODFILE CHECKSUM: e30f02f9d1c72c47bb6344a0a748c9d268180865

COCOAPODS: 1.16.2
